{
    "_meta": {
        "hash": {
            "sha256": "75fdbc012e1c408e951f0a5a14ec4ff93f5c0350689174d3186a2f2513cc5459"
        },
        "pipfile-spec": 6,
        "requires": {
            "python_version": "3.6.4"
        },
        "sources": [
            {
                "name": "What Would Bernie Say",
                "url": "https://what-would-bernie-say.herokuapp.com/",
                "verify_ssl": true
            }
        ]
    },
    "default": {},
    "develop": {}
}
